# THIS IS AN AUTOGENERATED FILE. DO NOT EDIT THIS FILE DIRECTLY.
# yarn lockfile v1


"@alloc/types@^1.2.1":
  version "1.3.0"
  resolved "https://registry.yarnpkg.com/@alloc/types/-/types-1.3.0.tgz#904245b8d3260a4b7d8a801c12501968f64fac08"
  integrity sha512-mH7LiFiq9g6rX2tvt1LtwsclfG5hnsmtIfkZiauAGrm1AwXhoRS0sF2WrN9JGN7eV5vFXqNaB0eXZ3IvMsVi9g==

"@babel/runtime@^7.3.1":
  version "7.15.4"
  resolved "https://registry.yarnpkg.com/@babel/runtime/-/runtime-7.15.4.tgz#fd17d16bfdf878e6dd02d19753a39fa8a8d9c84a"
  integrity sha512-99catp6bHCaxr4sJ/DbTGgHS4+Rs2RVd2g7iOap6SLGPDknRK9ztKNsE/Fg6QhSeh1FGE5f6gHGQmvvn3I3xhw==
  dependencies:
    regenerator-runtime "^0.13.4"

"@react-spring/animated@9.0.0-rc.3":
  version "9.0.0-rc.3"
  resolved "https://registry.yarnpkg.com/@react-spring/animated/-/animated-9.0.0-rc.3.tgz#e792cb76aacecfc78db2be6020ac11ce96503eb5"
  integrity sha512-dAvgtKhkYpzzr+EkmZ4ZuJ5CujxCW0LaT109DvO/2MQNk3EWIxcgl+ik4tSulSbgau1GN8RlkRKyDp0wISdQ3Q==
  dependencies:
    "@babel/runtime" "^7.3.1"
    "@react-spring/shared" "9.0.0-rc.3"
    react-layout-effect "^1.0.1"

"@react-spring/core@9.0.0-rc.3":
  version "9.0.0-rc.3"
  resolved "https://registry.yarnpkg.com/@react-spring/core/-/core-9.0.0-rc.3.tgz#c8e697573936c525bd0f6ca0c0869f75c86e8a83"
  integrity sha512-3OzsVFxpfMJNkkQj8TwAH3NhUAX76AXu6WkslQF4EgBeEoG5eY3m+VvM9RsAsGWDuBKpscZ/wBpFt5Ih6KdGHA==
  dependencies:
    "@babel/runtime" "^7.3.1"
    "@react-spring/animated" "9.0.0-rc.3"
    "@react-spring/shared" "9.0.0-rc.3"
    react-layout-effect "^1.0.1"
    use-memo-one "^1.1.0"

"@react-spring/konva@9.0.0-rc.3":
  version "9.0.0-rc.3"
  resolved "https://registry.yarnpkg.com/@react-spring/konva/-/konva-9.0.0-rc.3.tgz#7bad631eb59f141001d668267314ca40546ecf97"
  integrity sha512-uampLRgrHIqA3ilnheePUVEUE+fdeipXORI4XZJFsORP01CUJeJCxBwMagaxvsHJAtuNErMI/IebE1T2W8i5qA==
  dependencies:
    "@babel/runtime" "^7.3.1"
    "@react-spring/animated" "9.0.0-rc.3"
    "@react-spring/core" "9.0.0-rc.3"
    "@react-spring/shared" "9.0.0-rc.3"

"@react-spring/native@9.0.0-rc.3":
  version "9.0.0-rc.3"
  resolved "https://registry.yarnpkg.com/@react-spring/native/-/native-9.0.0-rc.3.tgz#863b8278ea6064385c4fffaaed40316e4a2acaa8"
  integrity sha512-7JSixJLfzg8V0IrgyGS3gGr2v8CGh4Kym15Htp3CJq74GFBJMyaQS0KaMjieXnw5alTpQoeGBESfA3v5dPlPYg==
  dependencies:
    "@babel/runtime" "^7.3.1"
    "@react-spring/animated" "9.0.0-rc.3"
    "@react-spring/core" "9.0.0-rc.3"
    "@react-spring/shared" "9.0.0-rc.3"

"@react-spring/shared@9.0.0-rc.3":
  version "9.0.0-rc.3"
  resolved "https://registry.yarnpkg.com/@react-spring/shared/-/shared-9.0.0-rc.3.tgz#3f4c9d90accc20fef51a283a7806d78390b84161"
  integrity sha512-dd50TxwwMWd+dSB0InjndUN9w17cbnMCPy+0sag6zRxxKIo7eOyWSliOtLKxvufgmdC8Prm4M3GT5dmB1yxKEQ==
  dependencies:
    "@alloc/types" "^1.2.1"
    "@babel/runtime" "^7.3.1"
    fluids "^0.1.6"
    tslib "^1.11.1"

"@react-spring/three@9.0.0-rc.3":
  version "9.0.0-rc.3"
  resolved "https://registry.yarnpkg.com/@react-spring/three/-/three-9.0.0-rc.3.tgz#bbfa7863c96ed8fa200cbff69222763c00977eef"
  integrity sha512-H55T+Dnck+hsJ8WgE+tb89ngX1E1lDOpMBG4mGzNLGok6XgGqN0VBsHRN3QDl+aPfmJI1BPFPR6b6WbhwqRNbw==
  dependencies:
    "@babel/runtime" "^7.3.1"
    "@react-spring/animated" "9.0.0-rc.3"
    "@react-spring/core" "9.0.0-rc.3"
    "@react-spring/shared" "9.0.0-rc.3"

"@react-spring/web@9.0.0-rc.3":
  version "9.0.0-rc.3"
  resolved "https://registry.yarnpkg.com/@react-spring/web/-/web-9.0.0-rc.3.tgz#da977382f91d9af4c400e4aa7dc37d3db07b87e0"
  integrity sha512-rEvipblmihiz8+Eo01zDp5dqWn6XfYk8q2rlN9c18YIOL4o6nuY/VplDoocUMHYfH4liurpO4o1QudKOO1nAiQ==
  dependencies:
    "@babel/runtime" "^7.3.1"
    "@react-spring/animated" "9.0.0-rc.3"
    "@react-spring/core" "9.0.0-rc.3"
    "@react-spring/shared" "9.0.0-rc.3"

"@react-spring/zdog@9.0.0-rc.3":
  version "9.0.0-rc.3"
  resolved "https://registry.yarnpkg.com/@react-spring/zdog/-/zdog-9.0.0-rc.3.tgz#00f611042b3761b984d0ca2c98da7dddcc11f081"
  integrity sha512-fl2JI098sfOJ+BaS9xCrnz8NSimL8yPrVwO0lHSpXLn/q3o3MYmRAeJnZQv8yDtT6isTHua6Tfb9vWuZWEXSmA==
  dependencies:
    "@babel/runtime" "^7.3.1"
    "@react-spring/animated" "9.0.0-rc.3"
    "@react-spring/core" "9.0.0-rc.3"
    "@react-spring/shared" "9.0.0-rc.3"

alert@^5.0.10:
  version "5.0.10"
  resolved "https://registry.yarnpkg.com/alert/-/alert-5.0.10.tgz#de34f3e48c050334d7ec8b5d91c25dd39b501249"
  integrity sha512-veNmvhw+wPry802GoKfpXlqAeJ6JAF5JQ7C0Sw/ukMZ+KINvQITHFQO8IIaXjqJ/TBpQnp5A/y0bBknI50/LZQ==
  dependencies:
    is-program-installed "2.2.0"

fluids@^0.1.6:
  version "0.1.10"
  resolved "https://registry.yarnpkg.com/fluids/-/fluids-0.1.10.tgz#0517e7a53dbce1db011dddec301b75178518ba0e"
  integrity sha512-66FLmUJOrkvEHIsRVeM+88MG0bjd2TOBuR0BkM0hzyCb68W9drzqeX/AHDNp3ouZALQN7JvBvmKdVhHI+PZsdg==

is-program-installed@2.2.0:
  version "2.2.0"
  resolved "https://registry.yarnpkg.com/is-program-installed/-/is-program-installed-2.2.0.tgz#d8af27a6e7630c9f093d5f248ae9507461d9da8b"
  integrity sha512-QMtzB/n6+G0iXDfi4ErIn1mZEZgoTLQxjgBdvMG2iPN/xWmjjXT53XOfaqcCT9At4B7QiMBY3Hvf8N4DB7MNtA==

"js-tokens@^3.0.0 || ^4.0.0":
  version "4.0.0"
  resolved "https://registry.yarnpkg.com/js-tokens/-/js-tokens-4.0.0.tgz#19203fb59991df98e3a287050d4647cdeaf32499"
  integrity sha512-RdJUflcE3cUzKiMqQgsCu06FPu9UdIJO0beYbPhHN4k6apgJtifcoCtT9bcxOpYBtpD2kCM6Sbzg4CausW/PKQ==

loose-envify@^1.4.0:
  version "1.4.0"
  resolved "https://registry.yarnpkg.com/loose-envify/-/loose-envify-1.4.0.tgz#71ee51fa7be4caec1a63839f7e682d8132d30caf"
  integrity sha512-lyuxPGr/Wfhrlem2CL/UcnUc1zcqKAImBDzukY7Y5F/yQiNdko6+fRLevlw1HgMySw7f611UIY408EtxRSoK3Q==
  dependencies:
    js-tokens "^3.0.0 || ^4.0.0"

object-assign@^4.1.1:
  version "4.1.1"
  resolved "https://registry.yarnpkg.com/object-assign/-/object-assign-4.1.1.tgz#2109adc7965887cfc05cbbd442cac8bfbb360863"
  integrity sha1-IQmtx5ZYh8/AXLvUQsrIv7s2CGM=

prop-types@^15.7.2:
  version "15.7.2"
  resolved "https://registry.yarnpkg.com/prop-types/-/prop-types-15.7.2.tgz#52c41e75b8c87e72b9d9360e0206b99dcbffa6c5"
  integrity sha512-8QQikdH7//R2vurIJSutZ1smHYTcLpRWEOlHnzcWHmBYrOGUysKwSsrC89BCiFj3CbrfJ/nXFdJepOVrY1GCHQ==
  dependencies:
    loose-envify "^1.4.0"
    object-assign "^4.1.1"
    react-is "^16.8.1"

react-confirm-alert@^2.7.0:
  version "2.7.0"
  resolved "https://registry.yarnpkg.com/react-confirm-alert/-/react-confirm-alert-2.7.0.tgz#7cdbf2e052e03554ac6a7d8956c9c227010c8a53"
  integrity sha512-21NWtGK/e85+ZX3TLRpMc3IsU5Kj6Z9ElCOrkTIlwMzV9EancyXNlkqHGbtKP63a2iS6g5hOxROokmJOqKQiXA==

react-confirm@^0.1.24:
  version "0.1.24"
  resolved "https://registry.yarnpkg.com/react-confirm/-/react-confirm-0.1.24.tgz#789a8ca5bc9ae52a4bbe6fd75c6b4b9ef69a60fd"
  integrity sha512-96qA+mbZyBRmh/3Y5aDgrYLwLndbaRjkP3GlXQtPEQbIH0P66xGcHJ7ui6y/MN85AZWq/V3drA1fJOiEcVkAVA==

react-countdown-circle-timer@^2.5.4:
  version "2.5.4"
  resolved "https://registry.yarnpkg.com/react-countdown-circle-timer/-/react-countdown-circle-timer-2.5.4.tgz#95cb58e5e734deffd9087a13279d8924463cc239"
  integrity sha512-nKGlpS6UzfWI+k66ZVYAjcZZbZeCJuB1Xkcdci+6De1KghHfs5IwjMCdAAcZP1n1m3+tyuhLF+GVB8FRmh27RQ==
  dependencies:
    use-elapsed-time "2.1.8"

react-is@^16.8.1:
  version "16.13.1"
  resolved "https://registry.yarnpkg.com/react-is/-/react-is-16.13.1.tgz#789729a4dc36de2999dc156dd6c1d9c18cea56a4"
  integrity sha512-24e6ynE2H+OKt4kqsOvNd8kBpV65zoxbA4BVsEOB3ARVWQki/DHzaUoC5KuON/BiccDaCCTZBuOcfZs70kR8bQ==

react-layout-effect@^1.0.1:
  version "1.0.5"
  resolved "https://registry.yarnpkg.com/react-layout-effect/-/react-layout-effect-1.0.5.tgz#0dc4e24452aee5de66c93c166f0ec512dfb1be80"
  integrity sha512-zdRXHuch+OBHU6bvjTelOGUCM+UDr/iCY+c0wXLEAc+G4/FlcJruD/hUOzlKH5XgO90Y/BUJPNhI/g9kl+VAsA==

react-native-input-spinner@^1.7.11:
  version "1.7.11"
  resolved "https://registry.yarnpkg.com/react-native-input-spinner/-/react-native-input-spinner-1.7.11.tgz#8ff37829139b9ce917139542cf2e2e58f8fd1085"
  integrity sha512-GAZ3UkRIHI2Uc88FsRdbbcixEnW1itxHbeS3ePntZQKWEUVllVWPtgIswDAD7n4I4giZYiWkIvxqGLKEFL5XbA==
  dependencies:
    prop-types "^15.7.2"

react-spring@^9.0.0-rc.3:
  version "9.0.0-rc.3"
  resolved "https://registry.yarnpkg.com/react-spring/-/react-spring-9.0.0-rc.3.tgz#0ad7b1e803f4385b7cbb44fff6d26f5be78884d6"
  integrity sha512-VX5Gi6svgRzjGvJ7qVRQBhFN+O2IuPvkSWepIg838LNIMqlc42xdIYtoGJYSqYjNO3IocSfkHlh49WVw6hHMUg==
  dependencies:
    "@babel/runtime" "^7.3.1"
    "@react-spring/core" "9.0.0-rc.3"
    "@react-spring/konva" "9.0.0-rc.3"
    "@react-spring/native" "9.0.0-rc.3"
    "@react-spring/three" "9.0.0-rc.3"
    "@react-spring/web" "9.0.0-rc.3"
    "@react-spring/zdog" "9.0.0-rc.3"

reactjs-popup@^2.0.5:
  version "2.0.5"
  resolved "https://registry.yarnpkg.com/reactjs-popup/-/reactjs-popup-2.0.5.tgz#588a74966bb126699429d739948e3448d7771eac"
  integrity sha512-b5hv9a6aGsHEHXFAgPO5s1Jw1eSkopueyUVxQewGdLgqk2eW0IVXZrPRpHR629YcgIpC2oxtX8OOZ8a7bQJbxA==

regenerator-runtime@^0.13.4:
  version "0.13.9"
  resolved "https://registry.yarnpkg.com/regenerator-runtime/-/regenerator-runtime-0.13.9.tgz#8925742a98ffd90814988d7566ad30ca3b263b52"
  integrity sha512-p3VT+cOEgxFsRRA9X4lkI1E+k2/CtnKtU4gcxyaCUreilL/vqI6CdZ3wxVUx3UOUg+gnUOQQcRI7BmSI656MYA==

tslib@^1.11.1:
  version "1.14.1"
  resolved "https://registry.yarnpkg.com/tslib/-/tslib-1.14.1.tgz#cf2d38bdc34a134bcaf1091c41f6619e2f672d00"
  integrity sha512-Xni35NKzjgMrwevysHTCArtLDpPvye8zV/0E4EyYn43P7/7qvQwPh9BGkHewbMulVntbigmcT7rdX3BNo9wRJg==

use-elapsed-time@2.1.8:
  version "2.1.8"
  resolved "https://registry.yarnpkg.com/use-elapsed-time/-/use-elapsed-time-2.1.8.tgz#3c830ae730e2bc204f2294b66be15580f0016ea5"
  integrity sha512-lNLTDffKHdHWweQNvnch9tFI2eRP3tXccSLrwE7U6xrfyWFNEgNQZWWsGhQvtwKa0kJ6L+7E5wKbi3jg86opjg==

use-memo-one@^1.1.0:
  version "1.1.2"
  resolved "https://registry.yarnpkg.com/use-memo-one/-/use-memo-one-1.1.2.tgz#0c8203a329f76e040047a35a1197defe342fab20"
  integrity sha512-u2qFKtxLsia/r8qG0ZKkbytbztzRb317XCkT7yP8wxL0tZ/CzK2G+WWie5vWvpyeP7+YoPIwbJoIHJ4Ba4k0oQ==
